// !$*UTF8*$!
{
	archiveVersion = 1;
	classes = {
	};
	objectVersion = 46;
	objects = {

/* Begin PBXBuildFile section */
		AD3067B395DA38C980E86A9E /* Pods_PenaltyTracker.framework in Frameworks */ = {isa = PBXBuildFile; fileRef = 1C9536C181FA9308E2069196 /* Pods_PenaltyTracker.framework */; };
		CF718E56004C892326A62738 /* Pods_PenaltyTrackerTests.framework in Frameworks */ = {isa = PBXBuildFile; fileRef = 0C69A78241EF20B1CAA48D43 /* Pods_PenaltyTrackerTests.framework */; };
		DB27C37F1F3546B400ACED5A /* AppDelegate.swift in Sources */ = {isa = PBXBuildFile; fileRef = DB27C37E1F3546B400ACED5A /* AppDelegate.swift */; };
		DB27C3811F3546B400ACED5A /* LoginViewController.swift in Sources */ = {isa = PBXBuildFile; fileRef = DB27C3801F3546B400ACED5A /* LoginViewController.swift */; };
		DB27C3841F3546B400ACED5A /* Main.storyboard in Resources */ = {isa = PBXBuildFile; fileRef = DB27C3821F3546B400ACED5A /* Main.storyboard */; };
		DB27C3861F3546B400ACED5A /* Assets.xcassets in Resources */ = {isa = PBXBuildFile; fileRef = DB27C3851F3546B400ACED5A /* Assets.xcassets */; };
		DB27C3891F3546B400ACED5A /* LaunchScreen.storyboard in Resources */ = {isa = PBXBuildFile; fileRef = DB27C3871F3546B400ACED5A /* LaunchScreen.storyboard */; };
		DB27C3941F3546B400ACED5A /* PenaltyTrackerTests.swift in Sources */ = {isa = PBXBuildFile; fileRef = DB27C3931F3546B400ACED5A /* PenaltyTrackerTests.swift */; };
		DB27C39F1F3546B400ACED5A /* PenaltyTrackerUITests.swift in Sources */ = {isa = PBXBuildFile; fileRef = DB27C39E1F3546B400ACED5A /* PenaltyTrackerUITests.swift */; };
		DB27C3AD1F354D0E00ACED5A /* GoogleService-Info.plist in Resources */ = {isa = PBXBuildFile; fileRef = DB27C3AC1F354D0D00ACED5A /* GoogleService-Info.plist */; };
		DB4814041F354DA300ADFDE9 /* CreateAccountViewController.swift in Sources */ = {isa = PBXBuildFile; fileRef = DB4814031F354DA300ADFDE9 /* CreateAccountViewController.swift */; };
		DB4814091F35520100ADFDE9 /* GlobalFunctions.swift in Sources */ = {isa = PBXBuildFile; fileRef = DB4814081F35520100ADFDE9 /* GlobalFunctions.swift */; };
		DB48140B1F35521600ADFDE9 /* Reachability.swift in Sources */ = {isa = PBXBuildFile; fileRef = DB48140A1F35521600ADFDE9 /* Reachability.swift */; };
		DB48140D1F3554CB00ADFDE9 /* FirebaseClient.swift in Sources */ = {isa = PBXBuildFile; fileRef = DB48140C1F3554CB00ADFDE9 /* FirebaseClient.swift */; };
		DB48140F1F355EAF00ADFDE9 /* CustomObjects.swift in Sources */ = {isa = PBXBuildFile; fileRef = DB48140E1F355EAF00ADFDE9 /* CustomObjects.swift */; };
		DB4814111F3560E200ADFDE9 /* EventsViewController.swift in Sources */ = {isa = PBXBuildFile; fileRef = DB4814101F3560E200ADFDE9 /* EventsViewController.swift */; };
		DB5D34E01F38214500E197D4 /* PenaltiesTableViewController.swift in Sources */ = {isa = PBXBuildFile; fileRef = DB5D34DF1F38214500E197D4 /* PenaltiesTableViewController.swift */; };
		DB5D34E21F38215700E197D4 /* LogPenaltyViewController.swift in Sources */ = {isa = PBXBuildFile; fileRef = DB5D34E11F38215700E197D4 /* LogPenaltyViewController.swift */; };
		DB5D34E41F3A332500E197D4 /* checkmark.png in Resources */ = {isa = PBXBuildFile; fileRef = DB5D34E31F3A332500E197D4 /* checkmark.png */; };
		DB8E5D221F35781B00FDDE7C /* CreateEventViewController.swift in Sources */ = {isa = PBXBuildFile; fileRef = DB8E5D211F35781B00FDDE7C /* CreateEventViewController.swift */; };
		E0EF61643D7C58433519267B /* Pods_PenaltyTrackerUITests.framework in Frameworks */ = {isa = PBXBuildFile; fileRef = 1E5C6A13C5A4D152FF2F7A45 /* Pods_PenaltyTrackerUITests.framework */; };
/* End PBXBuildFile section */

/* Begin PBXContainerItemProxy section */
		DB27C3901F3546B400ACED5A /* PBXContainerItemProxy */ = {
			isa = PBXContainerItemProxy;
			containerPortal = DB27C3731F3546B400ACED5A /* Project object */;
			proxyType = 1;
			remoteGlobalIDString = DB27C37A1F3546B400ACED5A;
			remoteInfo = PenaltyTracker;
		};
		DB27C39B1F3546B400ACED5A /* PBXContainerItemProxy */ = {
			isa = PBXContainerItemProxy;
			containerPortal = DB27C3731F3546B400ACED5A /* Project object */;
			proxyType = 1;
			remoteGlobalIDString = DB27C37A1F3546B400ACED5A;
			remoteInfo = PenaltyTracker;
		};
/* End PBXContainerItemProxy section */

/* Begin PBXFileReference section */
		0C69A78241EF20B1CAA48D43 /* Pods_PenaltyTrackerTests.framework */ = {isa = PBXFileReference; explicitFileType = wrapper.framework; includeInIndex = 0; path = Pods_PenaltyTrackerTests.framework; sourceTree = BUILT_PRODUCTS_DIR; };
		1C5E70984721FFD8C3C0F9A7 /* Pods-PenaltyTrackerTests.debug.xcconfig */ = {isa = PBXFileReference; includeInIndex = 1; lastKnownFileType = text.xcconfig; name = "Pods-PenaltyTrackerTests.debug.xcconfig"; path = "Pods/Target Support Files/Pods-PenaltyTrackerTests/Pods-PenaltyTrackerTests.debug.xcconfig"; sourceTree = "<group>"; };
		1C9536C181FA9308E2069196 /* Pods_PenaltyTracker.framework */ = {isa = PBXFileReference; explicitFileType = wrapper.framework; includeInIndex = 0; path = Pods_PenaltyTracker.framework; sourceTree = BUILT_PRODUCTS_DIR; };
		1E5C6A13C5A4D152FF2F7A45 /* Pods_PenaltyTrackerUITests.framework */ = {isa = PBXFileReference; explicitFileType = wrapper.framework; includeInIndex = 0; path = Pods_PenaltyTrackerUITests.framework; sourceTree = BUILT_PRODUCTS_DIR; };
		3DDC5B1590BD1206CFCC1866 /* Pods-PenaltyTrackerUITests.debug.xcconfig */ = {isa = PBXFileReference; includeInIndex = 1; lastKnownFileType = text.xcconfig; name = "Pods-PenaltyTrackerUITests.debug.xcconfig"; path = "Pods/Target Support Files/Pods-PenaltyTrackerUITests/Pods-PenaltyTrackerUITests.debug.xcconfig"; sourceTree = "<group>"; };
		640ED350D6C5008C763A7119 /* Pods-PenaltyTracker.debug.xcconfig */ = {isa = PBXFileReference; includeInIndex = 1; lastKnownFileType = text.xcconfig; name = "Pods-PenaltyTracker.debug.xcconfig"; path = "Pods/Target Support Files/Pods-PenaltyTracker/Pods-PenaltyTracker.debug.xcconfig"; sourceTree = "<group>"; };
		7BCBFA4DB4A8C92471481B48 /* Pods-PenaltyTrackerTests.release.xcconfig */ = {isa = PBXFileReference; includeInIndex = 1; lastKnownFileType = text.xcconfig; name = "Pods-PenaltyTrackerTests.release.xcconfig"; path = "Pods/Target Support Files/Pods-PenaltyTrackerTests/Pods-PenaltyTrackerTests.release.xcconfig"; sourceTree = "<group>"; };
		C3CE37EF75A88BA54134635A /* Pods-PenaltyTrackerUITests.release.xcconfig */ = {isa = PBXFileReference; includeInIndex = 1; lastKnownFileType = text.xcconfig; name = "Pods-PenaltyTrackerUITests.release.xcconfig"; path = "Pods/Target Support Files/Pods-PenaltyTrackerUITests/Pods-PenaltyTrackerUITests.release.xcconfig"; sourceTree = "<group>"; };
		DB27C37B1F3546B400ACED5A /* PenaltyTracker.app */ = {isa = PBXFileReference; explicitFileType = wrapper.application; includeInIndex = 0; path = PenaltyTracker.app; sourceTree = BUILT_PRODUCTS_DIR; };
		DB27C37E1F3546B400ACED5A /* AppDelegate.swift */ = {isa = PBXFileReference; lastKnownFileType = sourcecode.swift; path = AppDelegate.swift; sourceTree = "<group>"; };
		DB27C3801F3546B400ACED5A /* LoginViewController.swift */ = {isa = PBXFileReference; lastKnownFileType = sourcecode.swift; path = LoginViewController.swift; sourceTree = "<group>"; };
		DB27C3831F3546B400ACED5A /* Base */ = {isa = PBXFileReference; lastKnownFileType = file.storyboard; name = Base; path = Base.lproj/Main.storyboard; sourceTree = "<group>"; };
		DB27C3851F3546B400ACED5A /* Assets.xcassets */ = {isa = PBXFileReference; lastKnownFileType = folder.assetcatalog; path = Assets.xcassets; sourceTree = "<group>"; };
		DB27C3881F3546B400ACED5A /* Base */ = {isa = PBXFileReference; lastKnownFileType = file.storyboard; name = Base; path = Base.lproj/LaunchScreen.storyboard; sourceTree = "<group>"; };
		DB27C38A1F3546B400ACED5A /* Info.plist */ = {isa = PBXFileReference; lastKnownFileType = text.plist.xml; path = Info.plist; sourceTree = "<group>"; };
		DB27C38F1F3546B400ACED5A /* PenaltyTrackerTests.xctest */ = {isa = PBXFileReference; explicitFileType = wrapper.cfbundle; includeInIndex = 0; path = PenaltyTrackerTests.xctest; sourceTree = BUILT_PRODUCTS_DIR; };
		DB27C3931F3546B400ACED5A /* PenaltyTrackerTests.swift */ = {isa = PBXFileReference; lastKnownFileType = sourcecode.swift; path = PenaltyTrackerTests.swift; sourceTree = "<group>"; };
		DB27C3951F3546B400ACED5A /* Info.plist */ = {isa = PBXFileReference; lastKnownFileType = text.plist.xml; path = Info.plist; sourceTree = "<group>"; };
		DB27C39A1F3546B400ACED5A /* PenaltyTrackerUITests.xctest */ = {isa = PBXFileReference; explicitFileType = wrapper.cfbundle; includeInIndex = 0; path = PenaltyTrackerUITests.xctest; sourceTree = BUILT_PRODUCTS_DIR; };
		DB27C39E1F3546B400ACED5A /* PenaltyTrackerUITests.swift */ = {isa = PBXFileReference; lastKnownFileType = sourcecode.swift; path = PenaltyTrackerUITests.swift; sourceTree = "<group>"; };
		DB27C3A01F3546B400ACED5A /* Info.plist */ = {isa = PBXFileReference; lastKnownFileType = text.plist.xml; path = Info.plist; sourceTree = "<group>"; };
		DB27C3AC1F354D0D00ACED5A /* GoogleService-Info.plist */ = {isa = PBXFileReference; fileEncoding = 4; lastKnownFileType = text.plist.xml; path = "GoogleService-Info.plist"; sourceTree = "<group>"; };
		DB4814031F354DA300ADFDE9 /* CreateAccountViewController.swift */ = {isa = PBXFileReference; fileEncoding = 4; lastKnownFileType = sourcecode.swift; path = CreateAccountViewController.swift; sourceTree = "<group>"; };
		DB4814081F35520100ADFDE9 /* GlobalFunctions.swift */ = {isa = PBXFileReference; fileEncoding = 4; lastKnownFileType = sourcecode.swift; path = GlobalFunctions.swift; sourceTree = "<group>"; };
		DB48140A1F35521600ADFDE9 /* Reachability.swift */ = {isa = PBXFileReference; fileEncoding = 4; lastKnownFileType = sourcecode.swift; path = Reachability.swift; sourceTree = "<group>"; };
		DB48140C1F3554CB00ADFDE9 /* FirebaseClient.swift */ = {isa = PBXFileReference; fileEncoding = 4; lastKnownFileType = sourcecode.swift; path = FirebaseClient.swift; sourceTree = "<group>"; };
		DB48140E1F355EAF00ADFDE9 /* CustomObjects.swift */ = {isa = PBXFileReference; fileEncoding = 4; lastKnownFileType = sourcecode.swift; path = CustomObjects.swift; sourceTree = "<group>"; };
		DB4814101F3560E200ADFDE9 /* EventsViewController.swift */ = {isa = PBXFileReference; fileEncoding = 4; lastKnownFileType = sourcecode.swift; path = EventsViewController.swift; sourceTree = "<group>"; };
		DB5D34DF1F38214500E197D4 /* PenaltiesTableViewController.swift */ = {isa = PBXFileReference; fileEncoding = 4; lastKnownFileType = sourcecode.swift; path = PenaltiesTableViewController.swift; sourceTree = "<group>"; };
		DB5D34E11F38215700E197D4 /* LogPenaltyViewController.swift */ = {isa = PBXFileReference; fileEncoding = 4; lastKnownFileType = sourcecode.swift; path = LogPenaltyViewController.swift; sourceTree = "<group>"; };
		DB5D34E31F3A332500E197D4 /* checkmark.png */ = {isa = PBXFileReference; lastKnownFileType = image.png; path = checkmark.png; sourceTree = "<group>"; };
		DB8E5D211F35781B00FDDE7C /* CreateEventViewController.swift */ = {isa = PBXFileReference; fileEncoding = 4; lastKnownFileType = sourcecode.swift; path = CreateEventViewController.swift; sourceTree = "<group>"; };
		FFF9E517E82A1C676B3D3F26 /* Pods-PenaltyTracker.release.xcconfig */ = {isa = PBXFileReference; includeInIndex = 1; lastKnownFileType = text.xcconfig; name = "Pods-PenaltyTracker.release.xcconfig"; path = "Pods/Target Support Files/Pods-PenaltyTracker/Pods-PenaltyTracker.release.xcconfig"; sourceTree = "<group>"; };
/* End PBXFileReference section */

/* Begin PBXFrameworksBuildPhase section */
		DB27C3781F3546B400ACED5A /* Frameworks */ = {
			isa = PBXFrameworksBuildPhase;
			buildActionMask = 2147483647;
			files = (
				AD3067B395DA38C980E86A9E /* Pods_PenaltyTracker.framework in Frameworks */,
			);
			runOnlyForDeploymentPostprocessing = 0;
		};
		DB27C38C1F3546B400ACED5A /* Frameworks */ = {
			isa = PBXFrameworksBuildPhase;
			buildActionMask = 2147483647;
			files = (
				CF718E56004C892326A62738 /* Pods_PenaltyTrackerTests.framework in Frameworks */,
			);
			runOnlyForDeploymentPostprocessing = 0;
		};
		DB27C3971F3546B400ACED5A /* Frameworks */ = {
			isa = PBXFrameworksBuildPhase;
			buildActionMask = 2147483647;
			files = (
				E0EF61643D7C58433519267B /* Pods_PenaltyTrackerUITests.framework in Frameworks */,
			);
			runOnlyForDeploymentPostprocessing = 0;
		};
/* End PBXFrameworksBuildPhase section */

/* Begin PBXGroup section */
		3B7AB18859033A10C91C73CD /* Frameworks */ = {
			isa = PBXGroup;
			children = (
				1C9536C181FA9308E2069196 /* Pods_PenaltyTracker.framework */,
				0C69A78241EF20B1CAA48D43 /* Pods_PenaltyTrackerTests.framework */,
				1E5C6A13C5A4D152FF2F7A45 /* Pods_PenaltyTrackerUITests.framework */,
			);
			name = Frameworks;
			sourceTree = "<group>";
		};
		93C6BAB0CC186046183A178C /* Pods */ = {
			isa = PBXGroup;
			children = (
				640ED350D6C5008C763A7119 /* Pods-PenaltyTracker.debug.xcconfig */,
				FFF9E517E82A1C676B3D3F26 /* Pods-PenaltyTracker.release.xcconfig */,
				1C5E70984721FFD8C3C0F9A7 /* Pods-PenaltyTrackerTests.debug.xcconfig */,
				7BCBFA4DB4A8C92471481B48 /* Pods-PenaltyTrackerTests.release.xcconfig */,
				3DDC5B1590BD1206CFCC1866 /* Pods-PenaltyTrackerUITests.debug.xcconfig */,
				C3CE37EF75A88BA54134635A /* Pods-PenaltyTrackerUITests.release.xcconfig */,
			);
			name = Pods;
			sourceTree = "<group>";
		};
		DB27C3721F3546B400ACED5A = {
			isa = PBXGroup;
			children = (
				DB27C37D1F3546B400ACED5A /* PenaltyTracker */,
				DB27C3921F3546B400ACED5A /* PenaltyTrackerTests */,
				DB27C39D1F3546B400ACED5A /* PenaltyTrackerUITests */,
				DB27C37C1F3546B400ACED5A /* Products */,
				93C6BAB0CC186046183A178C /* Pods */,
				3B7AB18859033A10C91C73CD /* Frameworks */,
			);
			sourceTree = "<group>";
		};
		DB27C37C1F3546B400ACED5A /* Products */ = {
			isa = PBXGroup;
			children = (
				DB27C37B1F3546B400ACED5A /* PenaltyTracker.app */,
				DB27C38F1F3546B400ACED5A /* PenaltyTrackerTests.xctest */,
				DB27C39A1F3546B400ACED5A /* PenaltyTrackerUITests.xctest */,
			);
			name = Products;
			sourceTree = "<group>";
		};
		DB27C37D1F3546B400ACED5A /* PenaltyTracker */ = {
			isa = PBXGroup;
			children = (
				DB27C37E1F3546B400ACED5A /* AppDelegate.swift */,
				DB4814071F354EB200ADFDE9 /* View */,
				DB4814061F354EA000ADFDE9 /* Model */,
				DB4814051F354E7F00ADFDE9 /* Controller */,
				DB27C38A1F3546B400ACED5A /* Info.plist */,
				DB27C3AC1F354D0D00ACED5A /* GoogleService-Info.plist */,
				DB4814081F35520100ADFDE9 /* GlobalFunctions.swift */,
				DB48140A1F35521600ADFDE9 /* Reachability.swift */,
				DB48140C1F3554CB00ADFDE9 /* FirebaseClient.swift */,
			);
			path = PenaltyTracker;
			sourceTree = "<group>";
		};
		DB27C3921F3546B400ACED5A /* PenaltyTrackerTests */ = {
			isa = PBXGroup;
			children = (
				DB27C3931F3546B400ACED5A /* PenaltyTrackerTests.swift */,
				DB27C3951F3546B400ACED5A /* Info.plist */,
			);
			path = PenaltyTrackerTests;
			sourceTree = "<group>";
		};
		DB27C39D1F3546B400ACED5A /* PenaltyTrackerUITests */ = {
			isa = PBXGroup;
			children = (
				DB27C39E1F3546B400ACED5A /* PenaltyTrackerUITests.swift */,
				DB27C3A01F3546B400ACED5A /* Info.plist */,
			);
			path = PenaltyTrackerUITests;
			sourceTree = "<group>";
		};
		DB4814051F354E7F00ADFDE9 /* Controller */ = {
			isa = PBXGroup;
			children = (
				DB27C3801F3546B400ACED5A /* LoginViewController.swift */,
				DB4814031F354DA300ADFDE9 /* CreateAccountViewController.swift */,
				DB4814101F3560E200ADFDE9 /* EventsViewController.swift */,
				DB8E5D211F35781B00FDDE7C /* CreateEventViewController.swift */,
				DB5D34DF1F38214500E197D4 /* PenaltiesTableViewController.swift */,
				DB5D34E11F38215700E197D4 /* LogPenaltyViewController.swift */,
			);
			name = Controller;
			sourceTree = "<group>";
		};
		DB4814061F354EA000ADFDE9 /* Model */ = {
			isa = PBXGroup;
			children = (
				DB48140E1F355EAF00ADFDE9 /* CustomObjects.swift */,
			);
			name = Model;
			sourceTree = "<group>";
		};
		DB4814071F354EB200ADFDE9 /* View */ = {
			isa = PBXGroup;
			children = (
				DB27C3821F3546B400ACED5A /* Main.storyboard */,
				DB27C3851F3546B400ACED5A /* Assets.xcassets */,
				DB5D34E31F3A332500E197D4 /* checkmark.png */,
				DB27C3871F3546B400ACED5A /* LaunchScreen.storyboard */,
			);
			name = View;
			sourceTree = "<group>";
		};
/* End PBXGroup section */

/* Begin PBXNativeTarget section */
		DB27C37A1F3546B400ACED5A /* PenaltyTracker */ = {
			isa = PBXNativeTarget;
			buildConfigurationList = DB27C3A31F3546B400ACED5A /* Build configuration list for PBXNativeTarget "PenaltyTracker" */;
			buildPhases = (
				37FE00216AFB33BB15CF130C /* [CP] Check Pods Manifest.lock */,
				DB27C3771F3546B400ACED5A /* Sources */,
				DB27C3781F3546B400ACED5A /* Frameworks */,
				DB27C3791F3546B400ACED5A /* Resources */,
				9D5C8B4589C70D62E013B3E4 /* [CP] Embed Pods Frameworks */,
				05FA77889215A3C53138FDAC /* [CP] Copy Pods Resources */,
			);
			buildRules = (
			);
			dependencies = (
			);
			name = PenaltyTracker;
			productName = PenaltyTracker;
			productReference = DB27C37B1F3546B400ACED5A /* PenaltyTracker.app */;
			productType = "com.apple.product-type.application";
		};
		DB27C38E1F3546B400ACED5A /* PenaltyTrackerTests */ = {
			isa = PBXNativeTarget;
			buildConfigurationList = DB27C3A61F3546B400ACED5A /* Build configuration list for PBXNativeTarget "PenaltyTrackerTests" */;
			buildPhases = (
				E4FC5DAF4D64C6E783CBF473 /* [CP] Check Pods Manifest.lock */,
				DB27C38B1F3546B400ACED5A /* Sources */,
				DB27C38C1F3546B400ACED5A /* Frameworks */,
				DB27C38D1F3546B400ACED5A /* Resources */,
				8CA18B80D21F2610B6CA522B /* [CP] Embed Pods Frameworks */,
				645BA7E507D26DE4FBEBC8DF /* [CP] Copy Pods Resources */,
			);
			buildRules = (
			);
			dependencies = (
				DB27C3911F3546B400ACED5A /* PBXTargetDependency */,
			);
			name = PenaltyTrackerTests;
			productName = PenaltyTrackerTests;
			productReference = DB27C38F1F3546B400ACED5A /* PenaltyTrackerTests.xctest */;
			productType = "com.apple.product-type.bundle.unit-test";
		};
		DB27C3991F3546B400ACED5A /* PenaltyTrackerUITests */ = {
			isa = PBXNativeTarget;
			buildConfigurationList = DB27C3A91F3546B400ACED5A /* Build configuration list for PBXNativeTarget "PenaltyTrackerUITests" */;
			buildPhases = (
				8F1089A2CB5E5BC6F758B328 /* [CP] Check Pods Manifest.lock */,
				DB27C3961F3546B400ACED5A /* Sources */,
				DB27C3971F3546B400ACED5A /* Frameworks */,
				DB27C3981F3546B400ACED5A /* Resources */,
				3CB5CD1D1058E3863EC482CC /* [CP] Embed Pods Frameworks */,
				3BA979837966A88FC1C24820 /* [CP] Copy Pods Resources */,
			);
			buildRules = (
			);
			dependencies = (
				DB27C39C1F3546B400ACED5A /* PBXTargetDependency */,
			);
			name = PenaltyTrackerUITests;
			productName = PenaltyTrackerUITests;
			productReference = DB27C39A1F3546B400ACED5A /* PenaltyTrackerUITests.xctest */;
			productType = "com.apple.product-type.bundle.ui-testing";
		};
/* End PBXNativeTarget section */

/* Begin PBXProject section */
		DB27C3731F3546B400ACED5A /* Project object */ = {
			isa = PBXProject;
			attributes = {
				LastSwiftUpdateCheck = 0830;
				LastUpgradeCheck = 0830;
				ORGANIZATIONNAME = "Adam Zarn";
				TargetAttributes = {
					DB27C37A1F3546B400ACED5A = {
						CreatedOnToolsVersion = 8.3.3;
						DevelopmentTeam = QA67695N79;
						ProvisioningStyle = Automatic;
					};
					DB27C38E1F3546B400ACED5A = {
						CreatedOnToolsVersion = 8.3.3;
						DevelopmentTeam = QA67695N79;
						ProvisioningStyle = Automatic;
						TestTargetID = DB27C37A1F3546B400ACED5A;
					};
					DB27C3991F3546B400ACED5A = {
						CreatedOnToolsVersion = 8.3.3;
						DevelopmentTeam = QA67695N79;
						ProvisioningStyle = Automatic;
						TestTargetID = DB27C37A1F3546B400ACED5A;
					};
				};
			};
			buildConfigurationList = DB27C3761F3546B400ACED5A /* Build configuration list for PBXProject "PenaltyTracker" */;
			compatibilityVersion = "Xcode 3.2";
			developmentRegion = English;
			hasScannedForEncodings = 0;
			knownRegions = (
				en,
				Base,
			);
			mainGroup = DB27C3721F3546B400ACED5A;
			productRefGroup = DB27C37C1F3546B400ACED5A /* Products */;
			projectDirPath = "";
			projectRoot = "";
			targets = (
				DB27C37A1F3546B400ACED5A /* PenaltyTracker */,
				DB27C38E1F3546B400ACED5A /* PenaltyTrackerTests */,
				DB27C3991F3546B400ACED5A /* PenaltyTrackerUITests */,
			);
		};
/* End PBXProject section */

/* Begin PBXResourcesBuildPhase section */
		DB27C3791F3546B400ACED5A /* Resources */ = {
			isa = PBXResourcesBuildPhase;
			buildActionMask = 2147483647;
			files = (
				DB27C3891F3546B400ACED5A /* LaunchScreen.storyboard in Resources */,
				DB5D34E41F3A332500E197D4 /* checkmark.png in Resources */,
				DB27C3AD1F354D0E00ACED5A /* GoogleService-Info.plist in Resources */,
				DB27C3861F3546B400ACED5A /* Assets.xcassets in Resources */,
				DB27C3841F3546B400ACED5A /* Main.storyboard in Resources */,
			);
			runOnlyForDeploymentPostprocessing = 0;
		};
		DB27C38D1F3546B400ACED5A /* Resources */ = {
			isa = PBXResourcesBuildPhase;
			buildActionMask = 2147483647;
			files = (
			);
			runOnlyForDeploymentPostprocessing = 0;
		};
		DB27C3981F3546B400ACED5A /* Resources */ = {
			isa = PBXResourcesBuildPhase;
			buildActionMask = 2147483647;
			files = (
			);
			runOnlyForDeploymentPostprocessing = 0;
		};
/* End PBXResourcesBuildPhase section */

/* Begin PBXShellScriptBuildPhase section */
		05FA77889215A3C53138FDAC /* [CP] Copy Pods Resources */ = {
			isa = PBXShellScriptBuildPhase;
			buildActionMask = 2147483647;
			files = (
			);
			inputPaths = (
			);
			name = "[CP] Copy Pods Resources";
			outputPaths = (
			);
			runOnlyForDeploymentPostprocessing = 0;
			shellPath = /bin/sh;
			shellScript = "\"${SRCROOT}/Pods/Target Support Files/Pods-PenaltyTracker/Pods-PenaltyTracker-resources.sh\"\n";
			showEnvVarsInLog = 0;
		};
		37FE00216AFB33BB15CF130C /* [CP] Check Pods Manifest.lock */ = {
			isa = PBXShellScriptBuildPhase;
			buildActionMask = 2147483647;
			files = (
			);
			inputPaths = (
			);
			name = "[CP] Check Pods Manifest.lock";
			outputPaths = (
			);
			runOnlyForDeploymentPostprocessing = 0;
			shellPath = /bin/sh;
			shellScript = "diff \"${PODS_PODFILE_DIR_PATH}/Podfile.lock\" \"${PODS_ROOT}/Manifest.lock\" > /dev/null\nif [ $? != 0 ] ; then\n    # print error to STDERR\n    echo \"error: The sandbox is not in sync with the Podfile.lock. Run 'pod install' or update your CocoaPods installation.\" >&2\n    exit 1\nfi\n";
			showEnvVarsInLog = 0;
		};
		3BA979837966A88FC1C24820 /* [CP] Copy Pods Resources */ = {
			isa = PBXShellScriptBuildPhase;
			buildActionMask = 2147483647;
			files = (
			);
			inputPaths = (
			);
			name = "[CP] Copy Pods Resources";
			outputPaths = (
			);
			runOnlyForDeploymentPostprocessing = 0;
			shellPath = /bin/sh;
			shellScript = "\"${SRCROOT}/Pods/Target Support Files/Pods-PenaltyTrackerUITests/Pods-PenaltyTrackerUITests-resources.sh\"\n";
			showEnvVarsInLog = 0;
		};
		3CB5CD1D1058E3863EC482CC /* [CP] Embed Pods Frameworks */ = {
			isa = PBXShellScriptBuildPhase;
			buildActionMask = 2147483647;
			files = (
			);
			inputPaths = (
			);
			name = "[CP] Embed Pods Frameworks";
			outputPaths = (
			);
			runOnlyForDeploymentPostprocessing = 0;
			shellPath = /bin/sh;
			shellScript = "\"${SRCROOT}/Pods/Target Support Files/Pods-PenaltyTrackerUITests/Pods-PenaltyTrackerUITests-frameworks.sh\"\n";
			showEnvVarsInLog = 0;
		};
		645BA7E507D26DE4FBEBC8DF /* [CP] Copy Pods Resources */ = {
			isa = PBXShellScriptBuildPhase;
			buildActionMask = 2147483647;
			files = (
			);
			inputPaths = (
			);
			name = "[CP] Copy Pods Resources";
			outputPaths = (
			);
			runOnlyForDeploymentPostprocessing = 0;
			shellPath = /bin/sh;
			shellScript = "\"${SRCROOT}/Pods/Target Support Files/Pods-PenaltyTrackerTests/Pods-PenaltyTrackerTests-resources.sh\"\n";
			showEnvVarsInLog = 0;
		};
		8CA18B80D21F2610B6CA522B /* [CP] Embed Pods Frameworks */ = {
			isa = PBXShellScriptBuildPhase;
			buildActionMask = 2147483647;
			files = (
			);
			inputPaths = (
			);
			name = "[CP] Embed Pods Frameworks";
			outputPaths = (
			);
			runOnlyForDeploymentPostprocessing = 0;
			shellPath = /bin/sh;
			shellScript = "\"${SRCROOT}/Pods/Target Support Files/Pods-PenaltyTrackerTests/Pods-PenaltyTrackerTests-frameworks.sh\"\n";
			showEnvVarsInLog = 0;
		};
		8F1089A2CB5E5BC6F758B328 /* [CP] Check Pods Manifest.lock */ = {
			isa = PBXShellScriptBuildPhase;
			buildActionMask = 2147483647;
			files = (
			);
			inputPaths = (
			);
			name = "[CP] Check Pods Manifest.lock";
			outputPaths = (
			);
			runOnlyForDeploymentPostprocessing = 0;
			shellPath = /bin/sh;
			shellScript = "diff \"${PODS_PODFILE_DIR_PATH}/Podfile.lock\" \"${PODS_ROOT}/Manifest.lock\" > /dev/null\nif [ $? != 0 ] ; then\n    # print error to STDERR\n    echo \"error: The sandbox is not in sync with the Podfile.lock. Run 'pod install' or update your CocoaPods installation.\" >&2\n    exit 1\nfi\n";
			showEnvVarsInLog = 0;
		};
		9D5C8B4589C70D62E013B3E4 /* [CP] Embed Pods Frameworks */ = {
			isa = PBXShellScriptBuildPhase;
			buildActionMask = 2147483647;
			files = (
			);
			inputPaths = (
			);
			name = "[CP] Embed Pods Frameworks";
			outputPaths = (
			);
			runOnlyForDeploymentPostprocessing = 0;
			shellPath = /bin/sh;
			shellScript = "\"${SRCROOT}/Pods/Target Support Files/Pods-PenaltyTracker/Pods-PenaltyTracker-frameworks.sh\"\n";
			showEnvVarsInLog = 0;
		};
		E4FC5DAF4D64C6E783CBF473 /* [CP] Check Pods Manifest.lock */ = {
			isa = PBXShellScriptBuildPhase;
			buildActionMask = 2147483647;
			files = (
			);
			inputPaths = (
			);
			name = "[CP] Check Pods Manifest.lock";
			outputPaths = (
			);
			runOnlyForDeploymentPostprocessing = 0;
			shellPath = /bin/sh;
			shellScript = "diff \"${PODS_PODFILE_DIR_PATH}/Podfile.lock\" \"${PODS_ROOT}/Manifest.lock\" > /dev/null\nif [ $? != 0 ] ; then\n    # print error to STDERR\n    echo \"error: The sandbox is not in sync with the Podfile.lock. Run 'pod install' or update your CocoaPods installation.\" >&2\n    exit 1\nfi\n";
			showEnvVarsInLog = 0;
		};
/* End PBXShellScriptBuildPhase section */

/* Begin PBXSourcesBuildPhase section */
		DB27C3771F3546B400ACED5A /* Sources */ = {
			isa = PBXSourcesBuildPhase;
			buildActionMask = 2147483647;
			files = (
				DB5D34E21F38215700E197D4 /* LogPenaltyViewController.swift in Sources */,
				DB4814041F354DA300ADFDE9 /* CreateAccountViewController.swift in Sources */,
				DB4814111F3560E200ADFDE9 /* EventsViewController.swift in Sources */,
				DB27C3811F3546B400ACED5A /* LoginViewController.swift in Sources */,
				DB4814091F35520100ADFDE9 /* GlobalFunctions.swift in Sources */,
				DB48140F1F355EAF00ADFDE9 /* CustomObjects.swift in Sources */,
				DB5D34E01F38214500E197D4 /* PenaltiesTableViewController.swift in Sources */,
				DB48140B1F35521600ADFDE9 /* Reachability.swift in Sources */,
				DB27C37F1F3546B400ACED5A /* AppDelegate.swift in Sources */,
				DB48140D1F3554CB00ADFDE9 /* FirebaseClient.swift in Sources */,
				DB8E5D221F35781B00FDDE7C /* CreateEventViewController.swift in Sources */,
			);
			runOnlyForDeploymentPostprocessing = 0;
		};
		DB27C38B1F3546B400ACED5A /* Sources */ = {
			isa = PBXSourcesBuildPhase;
			buildActionMask = 2147483647;
			files = (
				DB27C3941F3546B400ACED5A /* PenaltyTrackerTests.swift in Sources */,
			);
			runOnlyForDeploymentPostprocessing = 0;
		};
		DB27C3961F3546B400ACED5A /* Sources */ = {
			isa = PBXSourcesBuildPhase;
			buildActionMask = 2147483647;
			files = (
				DB27C39F1F3546B400ACED5A /* PenaltyTrackerUITests.swift in Sources */,
			);
			runOnlyForDeploymentPostprocessing = 0;
		};
/* End PBXSourcesBuildPhase section */

/* Begin PBXTargetDependency section */
		DB27C3911F3546B400ACED5A /* PBXTargetDependency */ = {
			isa = PBXTargetDependency;
			target = DB27C37A1F3546B400ACED5A /* PenaltyTracker */;
			targetProxy = DB27C3901F3546B400ACED5A /* PBXContainerItemProxy */;
		};
		DB27C39C1F3546B400ACED5A /* PBXTargetDependency */ = {
			isa = PBXTargetDependency;
			target = DB27C37A1F3546B400ACED5A /* PenaltyTracker */;
			targetProxy = DB27C39B1F3546B400ACED5A /* PBXContainerItemProxy */;
		};
/* End PBXTargetDependency section */

/* Begin PBXVariantGroup section */
		DB27C3821F3546B400ACED5A /* Main.storyboard */ = {
			isa = PBXVariantGroup;
			children = (
				DB27C3831F3546B400ACED5A /* Base */,
			);
			name = Main.storyboard;
			sourceTree = "<group>";
		};
		DB27C3871F3546B400ACED5A /* LaunchScreen.storyboard */ = {
			isa = PBXVariantGroup;
			children = (
				DB27C3881F3546B400ACED5A /* Base */,
			);
			name = LaunchScreen.storyboard;
			sourceTree = "<group>";
		};
/* End PBXVariantGroup section */

/* Begin XCBuildConfiguration section */
		DB27C3A11F3546B400ACED5A /* Debug */ = {
			isa = XCBuildConfiguration;
			buildSettings = {
				ALWAYS_SEARCH_USER_PATHS = NO;
				CLANG_ANALYZER_NONNULL = YES;
				CLANG_ANALYZER_NUMBER_OBJECT_CONVERSION = YES_AGGRESSIVE;
				CLANG_CXX_LANGUAGE_STANDARD = "gnu++0x";
				CLANG_CXX_LIBRARY = "libc++";
				CLANG_ENABLE_MODULES = YES;
				CLANG_ENABLE_OBJC_ARC = YES;
				CLANG_WARN_BOOL_CONVERSION = YES;
				CLANG_WARN_CONSTANT_CONVERSION = YES;
				CLANG_WARN_DIRECT_OBJC_ISA_USAGE = YES_ERROR;
				CLANG_WARN_DOCUMENTATION_COMMENTS = YES;
				CLANG_WARN_EMPTY_BODY = YES;
				CLANG_WARN_ENUM_CONVERSION = YES;
				CLANG_WARN_INFINITE_RECURSION = YES;
				CLANG_WARN_INT_CONVERSION = YES;
				CLANG_WARN_OBJC_ROOT_CLASS = YES_ERROR;
				CLANG_WARN_SUSPICIOUS_MOVE = YES;
				CLANG_WARN_UNREACHABLE_CODE = YES;
				CLANG_WARN__DUPLICATE_METHOD_MATCH = YES;
				"CODE_SIGN_IDENTITY[sdk=iphoneos*]" = "iPhone Developer";
				COPY_PHASE_STRIP = NO;
				DEBUG_INFORMATION_FORMAT = dwarf;
				ENABLE_STRICT_OBJC_MSGSEND = YES;
				ENABLE_TESTABILITY = YES;
				GCC_C_LANGUAGE_STANDARD = gnu99;
				GCC_DYNAMIC_NO_PIC = NO;
				GCC_NO_COMMON_BLOCKS = YES;
				GCC_OPTIMIZATION_LEVEL = 0;
				GCC_PREPROCESSOR_DEFINITIONS = (
					"DEBUG=1",
					"$(inherited)",
				);
				GCC_WARN_64_TO_32_BIT_CONVERSION = YES;
				GCC_WARN_ABOUT_RETURN_TYPE = YES_ERROR;
				GCC_WARN_UNDECLARED_SELECTOR = YES;
				GCC_WARN_UNINITIALIZED_AUTOS = YES_AGGRESSIVE;
				GCC_WARN_UNUSED_FUNCTION = YES;
				GCC_WARN_UNUSED_VARIABLE = YES;
				IPHONEOS_DEPLOYMENT_TARGET = 10.3;
				MTL_ENABLE_DEBUG_INFO = YES;
				ONLY_ACTIVE_ARCH = YES;
				SDKROOT = iphoneos;
				SWIFT_ACTIVE_COMPILATION_CONDITIONS = DEBUG;
				SWIFT_OPTIMIZATION_LEVEL = "-Onone";
				TARGETED_DEVICE_FAMILY = "1,2";
			};
			name = Debug;
		};
		DB27C3A21F3546B400ACED5A /* Release */ = {
			isa = XCBuildConfiguration;
			buildSettings = {
				ALWAYS_SEARCH_USER_PATHS = NO;
				CLANG_ANALYZER_NONNULL = YES;
				CLANG_ANALYZER_NUMBER_OBJECT_CONVERSION = YES_AGGRESSIVE;
				CLANG_CXX_LANGUAGE_STANDARD = "gnu++0x";
				CLANG_CXX_LIBRARY = "libc++";
				CLANG_ENABLE_MODULES = YES;
				CLANG_ENABLE_OBJC_ARC = YES;
				CLANG_WARN_BOOL_CONVERSION = YES;
				CLANG_WARN_CONSTANT_CONVERSION = YES;
				CLANG_WARN_DIRECT_OBJC_ISA_USAGE = YES_ERROR;
				CLANG_WARN_DOCUMENTATION_COMMENTS = YES;
				CLANG_WARN_EMPTY_BODY = YES;
				CLANG_WARN_ENUM_CONVERSION = YES;
				CLANG_WARN_INFINITE_RECURSION = YES;
				CLANG_WARN_INT_CONVERSION = YES;
				CLANG_WARN_OBJC_ROOT_CLASS = YES_ERROR;
				CLANG_WARN_SUSPICIOUS_MOVE = YES;
				CLANG_WARN_UNREACHABLE_CODE = YES;
				CLANG_WARN__DUPLICATE_METHOD_MATCH = YES;
				"CODE_SIGN_IDENTITY[sdk=iphoneos*]" = "iPhone Developer";
				COPY_PHASE_STRIP = NO;
				DEBUG_INFORMATION_FORMAT = "dwarf-with-dsym";
				ENABLE_NS_ASSERTIONS = NO;
				ENABLE_STRICT_OBJC_MSGSEND = YES;
				GCC_C_LANGUAGE_STANDARD = gnu99;
				GCC_NO_COMMON_BLOCKS = YES;
				GCC_WARN_64_TO_32_BIT_CONVERSION = YES;
				GCC_WARN_ABOUT_RETURN_TYPE = YES_ERROR;
				GCC_WARN_UNDECLARED_SELECTOR = YES;
				GCC_WARN_UNINITIALIZED_AUTOS = YES_AGGRESSIVE;
				GCC_WARN_UNUSED_FUNCTION = YES;
				GCC_WARN_UNUSED_VARIABLE = YES;
				IPHONEOS_DEPLOYMENT_TARGET = 10.3;
				MTL_ENABLE_DEBUG_INFO = NO;
				SDKROOT = iphoneos;
				SWIFT_OPTIMIZATION_LEVEL = "-Owholemodule";
				TARGETED_DEVICE_FAMILY = "1,2";
				VALIDATE_PRODUCT = YES;
			};
			name = Release;
		};
		DB27C3A41F3546B400ACED5A /* Debug */ = {
			isa = XCBuildConfiguration;
			baseConfigurationReference = 640ED350D6C5008C763A7119 /* Pods-PenaltyTracker.debug.xcconfig */;
			buildSettings = {
				ASSETCATALOG_COMPILER_APPICON_NAME = AppIcon;
				DEVELOPMENT_TEAM = QA67695N79;
				INFOPLIST_FILE = PenaltyTracker/Info.plist;
				LD_RUNPATH_SEARCH_PATHS = "$(inherited) @executable_path/Frameworks";
				PRODUCT_BUNDLE_IDENTIFIER = AJZ.PenaltyTracker;
				PRODUCT_NAME = "$(TARGET_NAME)";
				SWIFT_VERSION = 3.0;
				TARGETED_DEVICE_FAMILY = 1;
			};
			name = Debug;
		};
		DB27C3A51F3546B400ACED5A /* Release */ = {
			isa = XCBuildConfiguration;
			baseConfigurationReference = FFF9E517E82A1C676B3D3F26 /* Pods-PenaltyTracker.release.xcconfig */;
			buildSettings = {
				ASSETCATALOG_COMPILER_APPICON_NAME = AppIcon;
				DEVELOPMENT_TEAM = QA67695N79;
				INFOPLIST_FILE = PenaltyTracker/Info.plist;
				LD_RUNPATH_SEARCH_PATHS = "$(inherited) @executable_path/Frameworks";
				PRODUCT_BUNDLE_IDENTIFIER = AJZ.PenaltyTracker;
				PRODUCT_NAME = "$(TARGET_NAME)";
				SWIFT_VERSION = 3.0;
				TARGETED_DEVICE_FAMILY = 1;
			};
			name = Release;
		};
		DB27C3A71F3546B400ACED5A /* Debug */ = {
			isa = XCBuildConfiguration;
			baseConfigurationReference = 1C5E70984721FFD8C3C0F9A7 /* Pods-PenaltyTrackerTests.debug.xcconfig */;
			buildSettings = {
				ALWAYS_EMBED_SWIFT_STANDARD_LIBRARIES = YES;
				BUNDLE_LOADER = "$(TEST_HOST)";
				DEVELOPMENT_TEAM = QA67695N79;
				INFOPLIST_FILE = PenaltyTrackerTests/Info.plist;
				LD_RUNPATH_SEARCH_PATHS = "$(inherited) @executable_path/Frameworks @loader_path/Frameworks";
				PRODUCT_BUNDLE_IDENTIFIER = AJZ.PenaltyTrackerTests;
				PRODUCT_NAME = "$(TARGET_NAME)";
				SWIFT_VERSION = 3.0;
				TEST_HOST = "$(BUILT_PRODUCTS_DIR)/PenaltyTracker.app/PenaltyTracker";
			};
			name = Debug;
		};
		DB27C3A81F3546B400ACED5A /* Release */ = {
			isa = XCBuildConfiguration;
			baseConfigurationReference = 7BCBFA4DB4A8C92471481B48 /* Pods-PenaltyTrackerTests.release.xcconfig */;
			buildSettings = {
				ALWAYS_EMBED_SWIFT_STANDARD_LIBRARIES = YES;
				BUNDLE_LOADER = "$(TEST_HOST)";
				DEVELOPMENT_TEAM = QA67695N79;
				INFOPLIST_FILE = PenaltyTrackerTests/Info.plist;
				LD_RUNPATH_SEARCH_PATHS = "$(inherited) @executable_path/Frameworks @loader_path/Frameworks";
				PRODUCT_BUNDLE_IDENTIFIER = AJZ.PenaltyTrackerTests;
				PRODUCT_NAME = "$(TARGET_NAME)";
				SWIFT_VERSION = 3.0;
				TEST_HOST = "$(BUILT_PRODUCTS_DIR)/PenaltyTracker.app/PenaltyTracker";
			};
			name = Release;
		};
		DB27C3AA1F3546B400ACED5A /* Debug */ = {
			isa = XCBuildConfiguration;
			baseConfigurationReference = 3DDC5B1590BD1206CFCC1866 /* Pods-PenaltyTrackerUITests.debug.xcconfig */;
			buildSettings = {
				ALWAYS_EMBED_SWIFT_STANDARD_LIBRARIES = YES;
				DEVELOPMENT_TEAM = QA67695N79;
				INFOPLIST_FILE = PenaltyTrackerUITests/Info.plist;
				LD_RUNPATH_SEARCH_PATHS = "$(inherited) @executable_path/Frameworks @loader_path/Frameworks";
				PRODUCT_BUNDLE_IDENTIFIER = AJZ.PenaltyTrackerUITests;
				PRODUCT_NAME = "$(TARGET_NAME)";
				SWIFT_VERSION = 3.0;
				TEST_TARGET_NAME = PenaltyTracker;
			};
			name = Debug;
		};
		DB27C3AB1F3546B400ACED5A /* Release */ = {
			isa = XCBuildConfiguration;
			baseConfigurationReference = C3CE37EF75A88BA54134635A /* Pods-PenaltyTrackerUITests.release.xcconfig */;
			buildSettings = {
				ALWAYS_EMBED_SWIFT_STANDARD_LIBRARIES = YES;
				DEVELOPMENT_TEAM = QA67695N79;
				INFOPLIST_FILE = PenaltyTrackerUITests/Info.plist;
				LD_RUNPATH_SEARCH_PATHS = "$(inherited) @executable_path/Frameworks @loader_path/Frameworks";
				PRODUCT_BUNDLE_IDENTIFIER = AJZ.PenaltyTrackerUITests;
				PRODUCT_NAME = "$(TARGET_NAME)";
				SWIFT_VERSION = 3.0;
				TEST_TARGET_NAME = PenaltyTracker;
			};
			name = Release;
		};
/* End XCBuildConfiguration section */

/* Begin XCConfigurationList section */
		DB27C3761F3546B400ACED5A /* Build configuration list for PBXProject "PenaltyTracker" */ = {
			isa = XCConfigurationList;
			buildConfigurations = (
				DB27C3A11F3546B400ACED5A /* Debug */,
				DB27C3A21F3546B400ACED5A /* Release */,
			);
			defaultConfigurationIsVisible = 0;
			defaultConfigurationName = Release;
		};
		DB27C3A31F3546B400ACED5A /* Build configuration list for PBXNativeTarget "PenaltyTracker" */ = {
			isa = XCConfigurationList;
			buildConfigurations = (
				DB27C3A41F3546B400ACED5A /* Debug */,
				DB27C3A51F3546B400ACED5A /* Release */,
			);
			defaultConfigurationIsVisible = 0;
			defaultConfigurationName = Release;
		};
		DB27C3A61F3546B400ACED5A /* Build configuration list for PBXNativeTarget "PenaltyTrackerTests" */ = {
			isa = XCConfigurationList;
			buildConfigurations = (
				DB27C3A71F3546B400ACED5A /* Debug */,
				DB27C3A81F3546B400ACED5A /* Release */,
			);
			defaultConfigurationIsVisible = 0;
			defaultConfigurationName = Release;
		};
		DB27C3A91F3546B400ACED5A /* Build configuration list for PBXNativeTarget "PenaltyTrackerUITests" */ = {
			isa = XCConfigurationList;
			buildConfigurations = (
				DB27C3AA1F3546B400ACED5A /* Debug */,
				DB27C3AB1F3546B400ACED5A /* Release */,
			);
			defaultConfigurationIsVisible = 0;
			defaultConfigurationName = Release;
		};
/* End XCConfigurationList section */
	};
	rootObject = DB27C3731F3546B400ACED5A /* Project object */;
}
